// !$*UTF8*$!
{
	archiveVersion = 1;
	classes = {
	};
	objectVersion = 56;
	objects = {

/* Begin PBXBuildFile section */
		D91AC7892C72013C0047076D /* ffmpeg_helper.cpp in Sources */ = {isa = PBXBuildFile; fileRef = D91AC7872C72013C0047076D /* ffmpeg_helper.cpp */; };
		D9346D1A2C63CA7C00868DD6 /* avformat.cpp in Sources */ = {isa = PBXBuildFile; fileRef = D9346D182C63CA7C00868DD6 /* avformat.cpp */; };
		D984FD732C6CED65005EA45D /* libh264bitstream.0.dylib in Frameworks */ = {isa = PBXBuildFile; fileRef = D984FD722C6CED65005EA45D /* libh264bitstream.0.dylib */; };
		D990B49B2C6F527A00211975 /* libavcodec.61.11.100.dylib in Frameworks */ = {isa = PBXBuildFile; fileRef = D990B4932C6F527A00211975 /* libavcodec.61.11.100.dylib */; };
		D990B49D2C6F527A00211975 /* libpostproc.58.2.100.dylib in Frameworks */ = {isa = PBXBuildFile; fileRef = D990B4942C6F527A00211975 /* libpostproc.58.2.100.dylib */; };
		D990B49F2C6F527A00211975 /* libavdevice.61.2.100.dylib in Frameworks */ = {isa = PBXBuildFile; fileRef = D990B4952C6F527A00211975 /* libavdevice.61.2.100.dylib */; };
		D990B4A12C6F527A00211975 /* libavformat.61.5.101.dylib in Frameworks */ = {isa = PBXBuildFile; fileRef = D990B4962C6F527A00211975 /* libavformat.61.5.101.dylib */; };
		D990B4A32C6F527A00211975 /* libavutil.59.34.100.dylib in Frameworks */ = {isa = PBXBuildFile; fileRef = D990B4972C6F527A00211975 /* libavutil.59.34.100.dylib */; };
		D990B4A52C6F527A00211975 /* libswresample.5.2.100.dylib in Frameworks */ = {isa = PBXBuildFile; fileRef = D990B4982C6F527A00211975 /* libswresample.5.2.100.dylib */; };
		D990B4A72C6F527A00211975 /* libavfilter.10.2.102.dylib in Frameworks */ = {isa = PBXBuildFile; fileRef = D990B4992C6F527A00211975 /* libavfilter.10.2.102.dylib */; };
		D990B4A92C6F527A00211975 /* libswscale.8.2.100.dylib in Frameworks */ = {isa = PBXBuildFile; fileRef = D990B49A2C6F527A00211975 /* libswscale.8.2.100.dylib */; };
		D9E3ED912C634DFC00FEBBCD /* main.cpp in Sources */ = {isa = PBXBuildFile; fileRef = D9E3ED902C634DFC00FEBBCD /* main.cpp */; };
/* End PBXBuildFile section */

/* Begin PBXCopyFilesBuildPhase section */
		D9E3ED8B2C634DFC00FEBBCD /* CopyFiles */ = {
			isa = PBXCopyFilesBuildPhase;
			buildActionMask = 2147483647;
			dstPath = /usr/share/man/man1/;
			dstSubfolderSpec = 0;
			files = (
			);
			runOnlyForDeploymentPostprocessing = 1;
		};
/* End PBXCopyFilesBuildPhase section */

/* Begin PBXFileReference section */
		D91AC7872C72013C0047076D /* ffmpeg_helper.cpp */ = {isa = PBXFileReference; lastKnownFileType = sourcecode.cpp.cpp; path = ffmpeg_helper.cpp; sourceTree = "<group>"; };
		D91AC7882C72013C0047076D /* ffmpeg_helper.hpp */ = {isa = PBXFileReference; lastKnownFileType = sourcecode.cpp.h; path = ffmpeg_helper.hpp; sourceTree = "<group>"; };
		D9346D182C63CA7C00868DD6 /* avformat.cpp */ = {isa = PBXFileReference; lastKnownFileType = sourcecode.cpp.cpp; path = avformat.cpp; sourceTree = "<group>"; };
		D9346D192C63CA7C00868DD6 /* avformat.hpp */ = {isa = PBXFileReference; lastKnownFileType = sourcecode.cpp.h; path = avformat.hpp; sourceTree = "<group>"; };
		D984FD722C6CED65005EA45D /* libh264bitstream.0.dylib */ = {isa = PBXFileReference; lastKnownFileType = "compiled.mach-o.dylib"; name = libh264bitstream.0.dylib; path = /opt/homebrew/Cellar/h264bitstream/0.2.0/lib/libh264bitstream.0.dylib; sourceTree = "<group>"; };
		D990B4932C6F527A00211975 /* libavcodec.61.11.100.dylib */ = {isa = PBXFileReference; lastKnownFileType = "compiled.mach-o.dylib"; name = libavcodec.61.11.100.dylib; path = "/opt/third-party/ffmpeg/lib/libavcodec.61.11.100.dylib"; sourceTree = "<group>"; };
		D990B4942C6F527A00211975 /* libpostproc.58.2.100.dylib */ = {isa = PBXFileReference; lastKnownFileType = "compiled.mach-o.dylib"; name = libpostproc.58.2.100.dylib; path = "/opt/third-party/ffmpeg/lib/libpostproc.58.2.100.dylib"; sourceTree = "<group>"; };
		D990B4952C6F527A00211975 /* libavdevice.61.2.100.dylib */ = {isa = PBXFileReference; lastKnownFileType = "compiled.mach-o.dylib"; name = libavdevice.61.2.100.dylib; path = "/opt/third-party/ffmpeg/lib/libavdevice.61.2.100.dylib"; sourceTree = "<group>"; };
		D990B4962C6F527A00211975 /* libavformat.61.5.101.dylib */ = {isa = PBXFileReference; lastKnownFileType = "compiled.mach-o.dylib"; name = libavformat.61.5.101.dylib; path = "/opt/third-party/ffmpeg/lib/libavformat.61.5.101.dylib"; sourceTree = "<group>"; };
		D990B4972C6F527A00211975 /* libavutil.59.34.100.dylib */ = {isa = PBXFileReference; lastKnownFileType = "compiled.mach-o.dylib"; name = libavutil.59.34.100.dylib; path = "/opt/third-party/ffmpeg/lib/libavutil.59.34.100.dylib"; sourceTree = "<group>"; };
		D990B4982C6F527A00211975 /* libswresample.5.2.100.dylib */ = {isa = PBXFileReference; lastKnownFileType = "compiled.mach-o.dylib"; name = libswresample.5.2.100.dylib; path = "/opt/third-party/ffmpeg/lib/libswresample.5.2.100.dylib"; sourceTree = "<group>"; };
		D990B4992C6F527A00211975 /* libavfilter.10.2.102.dylib */ = {isa = PBXFileReference; lastKnownFileType = "compiled.mach-o.dylib"; name = libavfilter.10.2.102.dylib; path = "/opt/third-party/ffmpeg/lib/libavfilter.10.2.102.dylib"; sourceTree = "<group>"; };
		D990B49A2C6F527A00211975 /* libswscale.8.2.100.dylib */ = {isa = PBXFileReference; lastKnownFileType = "compiled.mach-o.dylib"; name = libswscale.8.2.100.dylib; path = "/opt/third-party/ffmpeg/lib/libswscale.8.2.100.dylib"; sourceTree = "<group>"; };
		D9E3ED8D2C634DFC00FEBBCD /* avtools */ = {isa = PBXFileReference; explicitFileType = "compiled.mach-o.executable"; includeInIndex = 0; path = avtools; sourceTree = BUILT_PRODUCTS_DIR; };
		D9E3ED902C634DFC00FEBBCD /* main.cpp */ = {isa = PBXFileReference; lastKnownFileType = sourcecode.cpp.cpp; path = main.cpp; sourceTree = "<group>"; };
/* End PBXFileReference section */

/* Begin PBXFrameworksBuildPhase section */
		D9E3ED8A2C634DFC00FEBBCD /* Frameworks */ = {
			isa = PBXFrameworksBuildPhase;
			buildActionMask = 2147483647;
			files = (
				D990B49B2C6F527A00211975 /* libavcodec.61.11.100.dylib in Frameworks */,
				D990B49F2C6F527A00211975 /* libavdevice.61.2.100.dylib in Frameworks */,
				D990B4A72C6F527A00211975 /* libavfilter.10.2.102.dylib in Frameworks */,
				D990B4A12C6F527A00211975 /* libavformat.61.5.101.dylib in Frameworks */,
				D990B4A32C6F527A00211975 /* libavutil.59.34.100.dylib in Frameworks */,
				D984FD732C6CED65005EA45D /* libh264bitstream.0.dylib in Frameworks */,
				D990B49D2C6F527A00211975 /* libpostproc.58.2.100.dylib in Frameworks */,
				D990B4A52C6F527A00211975 /* libswresample.5.2.100.dylib in Frameworks */,
				D990B4A92C6F527A00211975 /* libswscale.8.2.100.dylib in Frameworks */,
			);
			runOnlyForDeploymentPostprocessing = 0;
		};
/* End PBXFrameworksBuildPhase section */

/* Begin PBXGroup section */
		D9BC99D12C63A7C00042A394 /* ffmpeg */ = {
			isa = PBXGroup;
			children = (
				D9346D182C63CA7C00868DD6 /* avformat.cpp */,
				D9346D192C63CA7C00868DD6 /* avformat.hpp */,
				D91AC7872C72013C0047076D /* ffmpeg_helper.cpp */,
				D91AC7882C72013C0047076D /* ffmpeg_helper.hpp */,
			);
			path = ffmpeg;
			sourceTree = "<group>";
		};
		D9E3ED842C634DFC00FEBBCD = {
			isa = PBXGroup;
			children = (
				D9E3ED8F2C634DFC00FEBBCD /* avtools */,
				D9E3ED8E2C634DFC00FEBBCD /* Products */,
				D9EC72D12C63A4FB00636F69 /* Frameworks */,
			);
			sourceTree = "<group>";
		};
		D9E3ED8E2C634DFC00FEBBCD /* Products */ = {
			isa = PBXGroup;
			children = (
				D9E3ED8D2C634DFC00FEBBCD /* avtools */,
			);
			name = Products;
			sourceTree = "<group>";
		};
		D9E3ED8F2C634DFC00FEBBCD /* avtools */ = {
			isa = PBXGroup;
			children = (
				D9BC99D12C63A7C00042A394 /* ffmpeg */,
				D9E3ED902C634DFC00FEBBCD /* main.cpp */,
			);
			path = avtools;
			sourceTree = "<group>";
		};
		D9EC72D12C63A4FB00636F69 /* Frameworks */ = {
			isa = PBXGroup;
			children = (
				D990B4932C6F527A00211975 /* libavcodec.61.11.100.dylib */,
				D990B4952C6F527A00211975 /* libavdevice.61.2.100.dylib */,
				D990B4992C6F527A00211975 /* libavfilter.10.2.102.dylib */,
				D990B4962C6F527A00211975 /* libavformat.61.5.101.dylib */,
				D990B4972C6F527A00211975 /* libavutil.59.34.100.dylib */,
				D990B4942C6F527A00211975 /* libpostproc.58.2.100.dylib */,
				D990B4982C6F527A00211975 /* libswresample.5.2.100.dylib */,
				D990B49A2C6F527A00211975 /* libswscale.8.2.100.dylib */,
				D984FD722C6CED65005EA45D /* libh264bitstream.0.dylib */,
			);
			name = Frameworks;
			sourceTree = "<group>";
		};
/* End PBXGroup section */

/* Begin PBXNativeTarget section */
		D9E3ED8C2C634DFC00FEBBCD /* avtools */ = {
			isa = PBXNativeTarget;
			buildConfigurationList = D9E3ED942C634DFC00FEBBCD /* Build configuration list for PBXNativeTarget "avtools" */;
			buildPhases = (
				D9E3ED892C634DFC00FEBBCD /* Sources */,
				D9E3ED8A2C634DFC00FEBBCD /* Frameworks */,
				D9E3ED8B2C634DFC00FEBBCD /* CopyFiles */,
			);
			buildRules = (
			);
			dependencies = (
			);
			name = avtools;
			productName = avtools;
			productReference = D9E3ED8D2C634DFC00FEBBCD /* avtools */;
			productType = "com.apple.product-type.tool";
		};
/* End PBXNativeTarget section */

/* Begin PBXProject section */
		D9E3ED852C634DFC00FEBBCD /* Project object */ = {
			isa = PBXProject;
			attributes = {
				BuildIndependentTargetsInParallel = 1;
				LastUpgradeCheck = 1540;
				TargetAttributes = {
					D9E3ED8C2C634DFC00FEBBCD = {
						CreatedOnToolsVersion = 15.4;
					};
				};
			};
			buildConfigurationList = D9E3ED882C634DFC00FEBBCD /* Build configuration list for PBXProject "avtools" */;
			compatibilityVersion = "Xcode 14.0";
			developmentRegion = en;
			hasScannedForEncodings = 0;
			knownRegions = (
				en,
				Base,
			);
			mainGroup = D9E3ED842C634DFC00FEBBCD;
			productRefGroup = D9E3ED8E2C634DFC00FEBBCD /* Products */;
			projectDirPath = "";
			projectRoot = "";
			targets = (
				D9E3ED8C2C634DFC00FEBBCD /* avtools */,
			);
		};
/* End PBXProject section */

/* Begin PBXSourcesBuildPhase section */
		D9E3ED892C634DFC00FEBBCD /* Sources */ = {
			isa = PBXSourcesBuildPhase;
			buildActionMask = 2147483647;
			files = (
				D9E3ED912C634DFC00FEBBCD /* main.cpp in Sources */,
				D9346D1A2C63CA7C00868DD6 /* avformat.cpp in Sources */,
				D91AC7892C72013C0047076D /* ffmpeg_helper.cpp in Sources */,
			);
			runOnlyForDeploymentPostprocessing = 0;
		};
/* End PBXSourcesBuildPhase section */

/* Begin XCBuildConfiguration section */
		D9E3ED922C634DFC00FEBBCD /* Debug */ = {
			isa = XCBuildConfiguration;
			buildSettings = {
				ALWAYS_SEARCH_USER_PATHS = NO;
				ASSETCATALOG_COMPILER_GENERATE_SWIFT_ASSET_SYMBOL_EXTENSIONS = YES;
				CLANG_ANALYZER_NONNULL = YES;
				CLANG_ANALYZER_NUMBER_OBJECT_CONVERSION = YES_AGGRESSIVE;
				CLANG_CXX_LANGUAGE_STANDARD = "gnu++20";
				CLANG_ENABLE_MODULES = YES;
				CLANG_ENABLE_OBJC_ARC = YES;
				CLANG_ENABLE_OBJC_WEAK = YES;
				CLANG_WARN_BLOCK_CAPTURE_AUTORELEASING = YES;
				CLANG_WARN_BOOL_CONVERSION = YES;
				CLANG_WARN_COMMA = YES;
				CLANG_WARN_CONSTANT_CONVERSION = YES;
				CLANG_WARN_DEPRECATED_OBJC_IMPLEMENTATIONS = YES;
				CLANG_WARN_DIRECT_OBJC_ISA_USAGE = YES_ERROR;
				CLANG_WARN_DOCUMENTATION_COMMENTS = YES;
				CLANG_WARN_EMPTY_BODY = YES;
				CLANG_WARN_ENUM_CONVERSION = YES;
				CLANG_WARN_INFINITE_RECURSION = YES;
				CLANG_WARN_INT_CONVERSION = YES;
				CLANG_WARN_NON_LITERAL_NULL_CONVERSION = YES;
				CLANG_WARN_OBJC_IMPLICIT_RETAIN_SELF = YES;
				CLANG_WARN_OBJC_LITERAL_CONVERSION = YES;
				CLANG_WARN_OBJC_ROOT_CLASS = YES_ERROR;
				CLANG_WARN_QUOTED_INCLUDE_IN_FRAMEWORK_HEADER = YES;
				CLANG_WARN_RANGE_LOOP_ANALYSIS = YES;
				CLANG_WARN_STRICT_PROTOTYPES = YES;
				CLANG_WARN_SUSPICIOUS_MOVE = YES;
				CLANG_WARN_UNGUARDED_AVAILABILITY = YES_AGGRESSIVE;
				CLANG_WARN_UNREACHABLE_CODE = YES;
				CLANG_WARN__DUPLICATE_METHOD_MATCH = YES;
				COPY_PHASE_STRIP = NO;
				DEBUG_INFORMATION_FORMAT = dwarf;
				ENABLE_STRICT_OBJC_MSGSEND = YES;
				ENABLE_TESTABILITY = YES;
				ENABLE_USER_SCRIPT_SANDBOXING = YES;
				GCC_C_LANGUAGE_STANDARD = gnu17;
				GCC_DYNAMIC_NO_PIC = NO;
				GCC_NO_COMMON_BLOCKS = YES;
				GCC_OPTIMIZATION_LEVEL = 0;
				GCC_PREPROCESSOR_DEFINITIONS = (
					"DEBUG=1",
					"$(inherited)",
				);
				GCC_WARN_64_TO_32_BIT_CONVERSION = YES;
				GCC_WARN_ABOUT_RETURN_TYPE = YES_ERROR;
				GCC_WARN_UNDECLARED_SELECTOR = YES;
				GCC_WARN_UNINITIALIZED_AUTOS = YES_AGGRESSIVE;
				GCC_WARN_UNUSED_FUNCTION = YES;
				GCC_WARN_UNUSED_VARIABLE = YES;
				LOCALIZATION_PREFERS_STRING_CATALOGS = YES;
				MACOSX_DEPLOYMENT_TARGET = 14.5;
				MTL_ENABLE_DEBUG_INFO = INCLUDE_SOURCE;
				MTL_FAST_MATH = YES;
				ONLY_ACTIVE_ARCH = YES;
				SDKROOT = macosx;
			};
			name = Debug;
		};
		D9E3ED932C634DFC00FEBBCD /* Release */ = {
			isa = XCBuildConfiguration;
			buildSettings = {
				ALWAYS_SEARCH_USER_PATHS = NO;
				ASSETCATALOG_COMPILER_GENERATE_SWIFT_ASSET_SYMBOL_EXTENSIONS = YES;
				CLANG_ANALYZER_NONNULL = YES;
				CLANG_ANALYZER_NUMBER_OBJECT_CONVERSION = YES_AGGRESSIVE;
				CLANG_CXX_LANGUAGE_STANDARD = "gnu++20";
				CLANG_ENABLE_MODULES = YES;
				CLANG_ENABLE_OBJC_ARC = YES;
				CLANG_ENABLE_OBJC_WEAK = YES;
				CLANG_WARN_BLOCK_CAPTURE_AUTORELEASING = YES;
				CLANG_WARN_BOOL_CONVERSION = YES;
				CLANG_WARN_COMMA = YES;
				CLANG_WARN_CONSTANT_CONVERSION = YES;
				CLANG_WARN_DEPRECATED_OBJC_IMPLEMENTATIONS = YES;
				CLANG_WARN_DIRECT_OBJC_ISA_USAGE = YES_ERROR;
				CLANG_WARN_DOCUMENTATION_COMMENTS = YES;
				CLANG_WARN_EMPTY_BODY = YES;
				CLANG_WARN_ENUM_CONVERSION = YES;
				CLANG_WARN_INFINITE_RECURSION = YES;
				CLANG_WARN_INT_CONVERSION = YES;
				CLANG_WARN_NON_LITERAL_NULL_CONVERSION = YES;
				CLANG_WARN_OBJC_IMPLICIT_RETAIN_SELF = YES;
				CLANG_WARN_OBJC_LITERAL_CONVERSION = YES;
				CLANG_WARN_OBJC_ROOT_CLASS = YES_ERROR;
				CLANG_WARN_QUOTED_INCLUDE_IN_FRAMEWORK_HEADER = YES;
				CLANG_WARN_RANGE_LOOP_ANALYSIS = YES;
				CLANG_WARN_STRICT_PROTOTYPES = YES;
				CLANG_WARN_SUSPICIOUS_MOVE = YES;
				CLANG_WARN_UNGUARDED_AVAILABILITY = YES_AGGRESSIVE;
				CLANG_WARN_UNREACHABLE_CODE = YES;
				CLANG_WARN__DUPLICATE_METHOD_MATCH = YES;
				COPY_PHASE_STRIP = NO;
				DEBUG_INFORMATION_FORMAT = "dwarf-with-dsym";
				ENABLE_NS_ASSERTIONS = NO;
				ENABLE_STRICT_OBJC_MSGSEND = YES;
				ENABLE_USER_SCRIPT_SANDBOXING = YES;
				GCC_C_LANGUAGE_STANDARD = gnu17;
				GCC_NO_COMMON_BLOCKS = YES;
				GCC_WARN_64_TO_32_BIT_CONVERSION = YES;
				GCC_WARN_ABOUT_RETURN_TYPE = YES_ERROR;
				GCC_WARN_UNDECLARED_SELECTOR = YES;
				GCC_WARN_UNINITIALIZED_AUTOS = YES_AGGRESSIVE;
				GCC_WARN_UNUSED_FUNCTION = YES;
				GCC_WARN_UNUSED_VARIABLE = YES;
				LOCALIZATION_PREFERS_STRING_CATALOGS = YES;
				MACOSX_DEPLOYMENT_TARGET = 14.5;
				MTL_ENABLE_DEBUG_INFO = NO;
				MTL_FAST_MATH = YES;
				SDKROOT = macosx;
			};
			name = Release;
		};
		D9E3ED952C634DFC00FEBBCD /* Debug */ = {
			isa = XCBuildConfiguration;
			buildSettings = {
				CODE_SIGN_STYLE = Automatic;
				HEADER_SEARCH_PATHS = (
					/opt/homebrew/Cellar/h264bitstream/0.2.0/include,
					"/opt/third-party/ffmpeg/include",
				);
				LIBRARY_SEARCH_PATHS = (
					"$(inherited)",
					/opt/homebrew/Cellar/h264bitstream/0.2.0/lib,
					"/opt/third-party/ffmpeg/lib",
				);
				PRODUCT_NAME = "$(TARGET_NAME)";
			};
			name = Debug;
		};
		D9E3ED962C634DFC00FEBBCD /* Release */ = {
			isa = XCBuildConfiguration;
			buildSettings = {
				CODE_SIGN_STYLE = Automatic;
				HEADER_SEARCH_PATHS = (
					/opt/homebrew/Cellar/h264bitstream/0.2.0/include,
					"/opt/third-party/ffmpeg/include",
				);
				LIBRARY_SEARCH_PATHS = (
					"$(inherited)",
					/opt/homebrew/Cellar/h264bitstream/0.2.0/lib,
					"/opt/third-party/ffmpeg/lib",
				);
				PRODUCT_NAME = "$(TARGET_NAME)";
			};
			name = Release;
		};
/* End XCBuildConfiguration section */

/* Begin XCConfigurationList section */
		D9E3ED882C634DFC00FEBBCD /* Build configuration list for PBXProject "avtools" */ = {
			isa = XCConfigurationList;
			buildConfigurations = (
				D9E3ED922C634DFC00FEBBCD /* Debug */,
				D9E3ED932C634DFC00FEBBCD /* Release */,
			);
			defaultConfigurationIsVisible = 0;
			defaultConfigurationName = Release;
		};
		D9E3ED942C634DFC00FEBBCD /* Build configuration list for PBXNativeTarget "avtools" */ = {
			isa = XCConfigurationList;
			buildConfigurations = (
				D9E3ED952C634DFC00FEBBCD /* Debug */,
				D9E3ED962C634DFC00FEBBCD /* Release */,
			);
			defaultConfigurationIsVisible = 0;
			defaultConfigurationName = Release;
		};
/* End XCConfigurationList section */
	};
	rootObject = D9E3ED852C634DFC00FEBBCD /* Project object */;
}
